{
  "name": "lib",
  "lockfileVersion": 2,
  "requires": true,
  "packages": {
    "": {
      "dependencies": {
        "inview": "^0.0.15",
        "sweetalert2": "^11.6.4"
      }
    },
    "node_modules/inview": {
      "version": "0.0.15",
      "resolved": "https://registry.npmjs.org/inview/-/inview-0.0.15.tgz",
      "integrity": "sha512-AEY5xuewCTxOvXF7sG0cx36oRYs2iTspiWU4KjqO1cv2R0HT8QM2ZYVNv8RAY9KFvOS8PTwz+j9Aei/hw6Y7ZA=="
    },
    "node_modules/sweetalert2": {
      "version": "11.6.4",
      "resolved": "https://registry.npmjs.org/sweetalert2/-/sweetalert2-11.6.4.tgz",
      "integrity": "sha512-EfvbqpApvOLbJ7UehO4rjmlltramOGVNpWhh9hBDyeSP1WhoslpmYUXZXI8AiC77Yl6esCfRcWXpzCAKkbvcgg==",
      "funding": {
        "type": "individual",
        "url": "https://github.com/sponsors/limonte"
      }
    }
  },
  "dependencies": {
    "inview": {
      "version": "0.0.15",
      "resolved": "https://registry.npmjs.org/inview/-/inview-0.0.15.tgz",
      "integrity": "sha512-AEY5xuewCTxOvXF7sG0cx36oRYs2iTspiWU4KjqO1cv2R0HT8QM2ZYVNv8RAY9KFvOS8PTwz+j9Aei/hw6Y7ZA=="
    },
    "sweetalert2": {
      "version": "11.6.4",
      "resolved": "https://registry.npmjs.org/sweetalert2/-/sweetalert2-11.6.4.tgz",
      "integrity": "sha512-EfvbqpApvOLbJ7UehO4rjmlltramOGVNpWhh9hBDyeSP1WhoslpmYUXZXI8AiC77Yl6esCfRcWXpzCAKkbvcgg=="
    }
  }
}
